
Microsoft Visual Studio Solution File, Format Version 12.00
# Visual Studio Version 17
VisualStudioVersion = 17.2.32602.215
MinimumVisualStudioVersion = 10.0.40219.1
Project("{9A19103F-16F7-4668-BE54-9A1E7A4F7556}") = "EmloyeePayRollUsingMultiThreading", "EmloyeePayRollUsingMultiThreading.csproj", "{E838A123-83EE-4CE0-9470-118F5FC066F9}"
EndProject
Project("{FAE04EC0-301F-11D3-BF4B-00C04F79EFBC}") = "EmployeeMultiThreadTest", "..\EmployeeMultiThreadTest\EmployeeMultiThreadTest.csproj", "{A7395753-8CEC-418E-A013-FBC59A802B0E}"
EndProject
Global
	GlobalSection(SolutionConfigurationPlatforms) = preSolution
		Debug|Any CPU = Debug|Any CPU
		Release|Any CPU = Release|Any CPU
	EndGlobalSection
	GlobalSection(ProjectConfigurationPlatforms) = postSolution
		{E838A123-83EE-4CE0-9470-118F5FC066F9}.Debug|Any CPU.ActiveCfg = Debug|Any CPU
		{E838A123-83EE-4CE0-9470-118F5FC066F9}.Debug|Any CPU.Build.0 = Debug|Any CPU
		{E838A123-83EE-4CE0-9470-118F5FC066F9}.Release|Any CPU.ActiveCfg = Release|Any CPU
		{E838A123-83EE-4CE0-9470-118F5FC066F9}.Release|Any CPU.Build.0 = Release|Any CPU
		{A7395753-8CEC-418E-A013-FBC59A802B0E}.Debug|Any CPU.ActiveCfg = Debug|Any CPU
		{A7395753-8CEC-418E-A013-FBC59A802B0E}.Debug|Any CPU.Build.0 = Debug|Any CPU
		{A7395753-8CEC-418E-A013-FBC59A802B0E}.Release|Any CPU.ActiveCfg = Release|Any CPU
		{A7395753-8CEC-418E-A013-FBC59A802B0E}.Release|Any CPU.Build.0 = Release|Any CPU
	EndGlobalSection
	GlobalSection(SolutionProperties) = preSolution
		HideSolutionNode = FALSE
	EndGlobalSection
	GlobalSection(ExtensibilityGlobals) = postSolution
		SolutionGuid = {99AA109C-D93E-4D95-8DAB-D6FC012027E5}
	EndGlobalSection
EndGlobal
